{
  "nodes": {
    "d3": {
      "flake": false,
      "locked": {
        "narHash": "sha256-iqqHq7VxdFfSOqyQ0jQ3vzNhZS9XkGd7BgQnIACdYNM=",
        "type": "file",
        "url": "https://d3js.org/d3.v5.min.js"
      },
      "original": {
        "type": "file",
        "url": "https://d3js.org/d3.v5.min.js"
      }
    },
    "forcegraph": {
      "flake": false,
      "locked": {
        "narHash": "sha256-wmQPuCs8YA3ldo4JG89H7QVHsJ689aKuhWNR2Do3EkU=",
        "type": "file",
        "url": "https://cdn.jsdelivr.net/npm/force-graph"
      },
      "original": {
        "type": "file",
        "url": "https://cdn.jsdelivr.net/npm/force-graph"
      }
    },
    "nixpkgs": {
      "locked": {
        "lastModified": 1744536153,
        "narHash": "sha256-awS2zRgF4uTwrOKwwiJcByDzDOdo3Q1rPZbiHQg/N38=",
        "owner": "NixOS",
        "repo": "nixpkgs",
        "rev": "18dd725c29603f582cf1900e0d25f9f1063dbf11",
        "type": "github"
      },
      "original": {
        "owner": "NixOS",
        "ref": "nixpkgs-unstable",
        "repo": "nixpkgs",
        "type": "github"
      }
    },
    "root": {
      "inputs": {
        "d3": "d3",
        "forcegraph": "forcegraph",
        "nixpkgs": "nixpkgs",
        "tree-sitter-typst": "tree-sitter-typst"
      }
    },
    "tree-sitter-typst": {
      "flake": false,
      "locked": {
        "lastModified": 1739197820,
        "narHash": "sha256-s/9R3DKA6dix6BkU4mGXaVggE4bnzOyu20T1wuqHQxk=",
        "owner": "uben0",
        "repo": "tree-sitter-typst",
        "rev": "46cf4ded12ee974a70bf8457263b67ad7ee0379d",
        "type": "github"
      },
      "original": {
        "owner": "uben0",
        "repo": "tree-sitter-typst",
        "type": "github"
      }
    }
  },
  "root": "root",
  "version": 7
}
